{
  "name": "maxhost",
  "version": "1.0.0",
  "lockfileVersion": 1,
  "requires": true,
  "dependencies": {
    "noneuclidean": {
      "version": "1.2.0",
      "resolved": "https://registry.npmjs.org/noneuclidean/-/noneuclidean-1.2.0.tgz",
      "integrity": "sha512-NMLATqMReQ+AGqPndmLFkVpwZ45FXwV6vA6Dwkq7BgJwwWCg3lt9RaTcrFMmUn3CeqT8s3CYGKiLSGcrxIch2g=="
    }
  }
}
